
Microsoft Visual Studio Solution File, Format Version 11.00
# Visual Studio 2010
Project("{FAE04EC0-301F-11D3-BF4B-00C04F79EFBC}") = "NLog.MongoDB", "NLog.MongoDB\NLog.MongoDB.csproj", "{FE562E35-7488-4EDC-8334-E0BC611DDDF9}"
EndProject
Project("{FAE04EC0-301F-11D3-BF4B-00C04F79EFBC}") = "NLog.MongoDB.Tests", "NLog.MongoDB.Tests\NLog.MongoDB.Tests.csproj", "{D1A284A0-A340-48A7-8821-60787305E9D1}"
EndProject
Project("{2150E333-8FDC-42A3-9474-1A3956D46DE8}") = ".nuget", ".nuget", "{4280133F-10A6-40AC-AC17-8769A243D07E}"
	ProjectSection(SolutionItems) = preProject
		C:\Projects\IPC.Web\Framework\MVC\_Lib\Tools\NuGet.Config = C:\Projects\IPC.Web\Framework\MVC\_Lib\Tools\NuGet.Config
		C:\Projects\IPC.Web\Framework\MVC\_Lib\Tools\NuGet.exe = C:\Projects\IPC.Web\Framework\MVC\_Lib\Tools\NuGet.exe
		.nuget\NuGet.settings.targets = .nuget\NuGet.settings.targets
		.nuget\NuGet.targets = .nuget\NuGet.targets
	EndProjectSection
EndProject
Global
	GlobalSection(SolutionConfigurationPlatforms) = preSolution
		Debug|Any CPU = Debug|Any CPU
		Release|Any CPU = Release|Any CPU
	EndGlobalSection
	GlobalSection(ProjectConfigurationPlatforms) = postSolution
		{FE562E35-7488-4EDC-8334-E0BC611DDDF9}.Debug|Any CPU.ActiveCfg = Debug|Any CPU
		{FE562E35-7488-4EDC-8334-E0BC611DDDF9}.Debug|Any CPU.Build.0 = Debug|Any CPU
		{FE562E35-7488-4EDC-8334-E0BC611DDDF9}.Release|Any CPU.ActiveCfg = Release|Any CPU
		{FE562E35-7488-4EDC-8334-E0BC611DDDF9}.Release|Any CPU.Build.0 = Release|Any CPU
		{D1A284A0-A340-48A7-8821-60787305E9D1}.Debug|Any CPU.ActiveCfg = Debug|Any CPU
		{D1A284A0-A340-48A7-8821-60787305E9D1}.Debug|Any CPU.Build.0 = Debug|Any CPU
		{D1A284A0-A340-48A7-8821-60787305E9D1}.Release|Any CPU.ActiveCfg = Release|Any CPU
		{D1A284A0-A340-48A7-8821-60787305E9D1}.Release|Any CPU.Build.0 = Release|Any CPU
	EndGlobalSection
	GlobalSection(SolutionProperties) = preSolution
		HideSolutionNode = FALSE
	EndGlobalSection
EndGlobal
